
Microsoft Visual Studio Solution File, Format Version 12.00
# Visual Studio Version 16
VisualStudioVersion = 16.0.30204.135
MinimumVisualStudioVersion = 10.0.40219.1
Project("{FAE04EC0-301F-11D3-BF4B-00C04F79EFBC}") = "LoopPractice", "LoopPractice\LoopPractice.csproj", "{595FF917-6C44-423F-8030-4F81657446FD}"
EndProject
Global
	GlobalSection(SolutionConfigurationPlatforms) = preSolution
		Debug|Any CPU = Debug|Any CPU
		Release|Any CPU = Release|Any CPU
	EndGlobalSection
	GlobalSection(ProjectConfigurationPlatforms) = postSolution
		{595FF917-6C44-423F-8030-4F81657446FD}.Debug|Any CPU.ActiveCfg = Debug|Any CPU
		{595FF917-6C44-423F-8030-4F81657446FD}.Debug|Any CPU.Build.0 = Debug|Any CPU
		{595FF917-6C44-423F-8030-4F81657446FD}.Release|Any CPU.ActiveCfg = Release|Any CPU
		{595FF917-6C44-423F-8030-4F81657446FD}.Release|Any CPU.Build.0 = Release|Any CPU
	EndGlobalSection
	GlobalSection(SolutionProperties) = preSolution
		HideSolutionNode = FALSE
	EndGlobalSection
	GlobalSection(ExtensibilityGlobals) = postSolution
		SolutionGuid = {2B246001-AA55-4570-8535-DDAD74B63E13}
	EndGlobalSection
EndGlobal
